# Code generated by scarb DO NOT EDIT.
version = 1

[[package]]
name = "cubit"
version = "1.2.0"
source = "git+https://github.com/influenceth/cubit.git?rev=b459053#b4590530d5aeae9aabd36740cc2a3d9e6adc5fde"

[[package]]
name = "nogame"
version = "0.1.0"
dependencies = [
 "cubit",
 "openzeppelin",
]

[[package]]
name = "openzeppelin"
version = "0.8.0"
source = "git+https://github.com/openzeppelin/cairo-contracts?tag=v0.8.0#c23e8e96de60e6e3159b1ff8591a1187269c0eb7"
