# Code generated by scarb DO NOT EDIT.
version = 1

[[package]]
name = "cubit"
version = "1.2.0"
source = "git+https://github.com/ametel01/cubit?rev=72784d8#72784d843630a9b216045631aca87b86d4bf5e10"

[[package]]
name = "nogame"
version = "0.1.0"
dependencies = [
 "cubit",
 "openzeppelin",
 "snforge_std",
 "xoroshiro",
]

[[package]]
name = "openzeppelin"
version = "0.8.0-beta.0"
source = "git+https://github.com/openzeppelin/cairo-contracts?tag=v0.8.0-beta.0#4c95981a7178e43730f152c85a92336dc6a22d62"

[[package]]
name = "snforge_std"
version = "0.1.0"
source = "git+https://github.com/foundry-rs/starknet-foundry.git?tag=v0.9.0#251761c7dc89cbeef69e565584cdf6f54aaaed30"

[[package]]
name = "xoroshiro"
version = "1.0.0"
source = "git+https://github.com/ametel01/xoroshiro-cairo.git#62ab3ae93a21a120b356eea4155431adcbd21dd8"
