# Code generated by scarb DO NOT EDIT.
version = 1

[[package]]
name = "nogame"
version = "0.1.0"
dependencies = [
 "nogame_fixed",
 "openzeppelin",
 "snforge_std",
]

[[package]]
name = "nogame_fixed"
version = "0.1.0"
source = "git+https://github.com/ametel01/nogame-fixed.git?rev=5317597#5317597d4524f687b12903b85da5d5824c6d50a8"

[[package]]
name = "openzeppelin"
version = "0.8.0"
source = "git+https://github.com/openzeppelin/cairo-contracts?rev=4f90c23#4f90c23d1d73a7ce38ca9aa8d308aabf82d122a1"

[[package]]
name = "snforge_std"
version = "0.14.0"
source = "git+https://github.com/foundry-rs/starknet-foundry.git?tag=v0.14.0#e8cbecee4e31ed428c76d5173eaa90c8df796fe3"
